<Solution>
  <Project Path="EasyOnlineStore.API/EasyOnlineStore.API.csproj" />
  <Project Path="EasyOnlineStore.Application/EasyOnlineStore.Application.csproj" />
  <Project Path="EasyOnlineStore.Domain/EasyOnlineStore.Domain.csproj" />
  <Project Path="EasyOnlineStore.Frontend/EasyOnlineStore.Frontend.csproj" />
  <Project Path="EasyOnlineStore.Infrastructure\EasyOnlineStore.Infrastructure.csproj" Type="Classic C#" />
  <Project Path="EasyOnlineStore.Persistence/EasyOnlineStore.Persistence.csproj" />
</Solution>